// !$*UTF8*$!
{
	archiveVersion = 1;
	classes = {
	};
	objectVersion = 46;
	objects = {

/* Begin PBXBuildFile section */
		2377DCEE1C8EC550006A1050 /* AppDelegate.swift in Sources */ = {isa = PBXBuildFile; fileRef = 2377DCED1C8EC550006A1050 /* AppDelegate.swift */; };
		2377DCF01C8EC550006A1050 /* ViewController.swift in Sources */ = {isa = PBXBuildFile; fileRef = 2377DCEF1C8EC550006A1050 /* ViewController.swift */; };
		2377DCF31C8EC550006A1050 /* Main.storyboard in Resources */ = {isa = PBXBuildFile; fileRef = 2377DCF11C8EC550006A1050 /* Main.storyboard */; };
		2377DCF51C8EC550006A1050 /* Assets.xcassets in Resources */ = {isa = PBXBuildFile; fileRef = 2377DCF41C8EC550006A1050 /* Assets.xcassets */; };
		2377DCF81C8EC550006A1050 /* LaunchScreen.storyboard in Resources */ = {isa = PBXBuildFile; fileRef = 2377DCF61C8EC550006A1050 /* LaunchScreen.storyboard */; };
		2377DD031C8EC550006A1050 /* __Tests.swift in Sources */ = {isa = PBXBuildFile; fileRef = 2377DD021C8EC550006A1050 /* __Tests.swift */; };
		2377DD0E1C8EC550006A1050 /* __UITests.swift in Sources */ = {isa = PBXBuildFile; fileRef = 2377DD0D1C8EC550006A1050 /* __UITests.swift */; };
/* End PBXBuildFile section */

/* Begin PBXContainerItemProxy section */
		2377DCFF1C8EC550006A1050 /* PBXContainerItemProxy */ = {
			isa = PBXContainerItemProxy;
			containerPortal = 2377DCE21C8EC550006A1050 /* Project object */;
			proxyType = 1;
			remoteGlobalIDString = 2377DCE91C8EC550006A1050;
			remoteInfo = "茄子";
		};
		2377DD0A1C8EC550006A1050 /* PBXContainerItemProxy */ = {
			isa = PBXContainerItemProxy;
			containerPortal = 2377DCE21C8EC550006A1050 /* Project object */;
			proxyType = 1;
			remoteGlobalIDString = 2377DCE91C8EC550006A1050;
			remoteInfo = "茄子";
		};
/* End PBXContainerItemProxy section */

/* Begin PBXFileReference section */
		2377DCEA1C8EC550006A1050 /* 茄子.app */ = {isa = PBXFileReference; explicitFileType = wrapper.application; includeInIndex = 0; path = "茄子.app"; sourceTree = BUILT_PRODUCTS_DIR; };
		2377DCED1C8EC550006A1050 /* AppDelegate.swift */ = {isa = PBXFileReference; lastKnownFileType = sourcecode.swift; path = AppDelegate.swift; sourceTree = "<group>"; };
		2377DCEF1C8EC550006A1050 /* ViewController.swift */ = {isa = PBXFileReference; lastKnownFileType = sourcecode.swift; path = ViewController.swift; sourceTree = "<group>"; };
		2377DCF21C8EC550006A1050 /* Base */ = {isa = PBXFileReference; lastKnownFileType = file.storyboard; name = Base; path = Base.lproj/Main.storyboard; sourceTree = "<group>"; };
		2377DCF41C8EC550006A1050 /* Assets.xcassets */ = {isa = PBXFileReference; lastKnownFileType = folder.assetcatalog; path = Assets.xcassets; sourceTree = "<group>"; };
		2377DCF71C8EC550006A1050 /* Base */ = {isa = PBXFileReference; lastKnownFileType = file.storyboard; name = Base; path = Base.lproj/LaunchScreen.storyboard; sourceTree = "<group>"; };
		2377DCF91C8EC550006A1050 /* Info.plist */ = {isa = PBXFileReference; lastKnownFileType = text.plist.xml; path = Info.plist; sourceTree = "<group>"; };
		2377DCFE1C8EC550006A1050 /* 茄子Tests.xctest */ = {isa = PBXFileReference; explicitFileType = wrapper.cfbundle; includeInIndex = 0; path = "茄子Tests.xctest"; sourceTree = BUILT_PRODUCTS_DIR; };
		2377DD021C8EC550006A1050 /* __Tests.swift */ = {isa = PBXFileReference; lastKnownFileType = sourcecode.swift; path = __Tests.swift; sourceTree = "<group>"; };
		2377DD041C8EC550006A1050 /* Info.plist */ = {isa = PBXFileReference; lastKnownFileType = text.plist.xml; path = Info.plist; sourceTree = "<group>"; };
		2377DD091C8EC550006A1050 /* 茄子UITests.xctest */ = {isa = PBXFileReference; explicitFileType = wrapper.cfbundle; includeInIndex = 0; path = "茄子UITests.xctest"; sourceTree = BUILT_PRODUCTS_DIR; };
		2377DD0D1C8EC550006A1050 /* __UITests.swift */ = {isa = PBXFileReference; lastKnownFileType = sourcecode.swift; path = __UITests.swift; sourceTree = "<group>"; };
		2377DD0F1C8EC550006A1050 /* Info.plist */ = {isa = PBXFileReference; lastKnownFileType = text.plist.xml; path = Info.plist; sourceTree = "<group>"; };
/* End PBXFileReference section */

/* Begin PBXFrameworksBuildPhase section */
		2377DCE71C8EC550006A1050 /* Frameworks */ = {
			isa = PBXFrameworksBuildPhase;
			buildActionMask = 2147483647;
			files = (
			);
			runOnlyForDeploymentPostprocessing = 0;
		};
		2377DCFB1C8EC550006A1050 /* Frameworks */ = {
			isa = PBXFrameworksBuildPhase;
			buildActionMask = 2147483647;
			files = (
			);
			runOnlyForDeploymentPostprocessing = 0;
		};
		2377DD061C8EC550006A1050 /* Frameworks */ = {
			isa = PBXFrameworksBuildPhase;
			buildActionMask = 2147483647;
			files = (
			);
			runOnlyForDeploymentPostprocessing = 0;
		};
/* End PBXFrameworksBuildPhase section */

/* Begin PBXGroup section */
		2377DCE11C8EC54F006A1050 = {
			isa = PBXGroup;
			children = (
				2377DCEC1C8EC550006A1050 /* 茄子 */,
				2377DD011C8EC550006A1050 /* 茄子Tests */,
				2377DD0C1C8EC550006A1050 /* 茄子UITests */,
				2377DCEB1C8EC550006A1050 /* Products */,
			);
			sourceTree = "<group>";
		};
		2377DCEB1C8EC550006A1050 /* Products */ = {
			isa = PBXGroup;
			children = (
				2377DCEA1C8EC550006A1050 /* 茄子.app */,
				2377DCFE1C8EC550006A1050 /* 茄子Tests.xctest */,
				2377DD091C8EC550006A1050 /* 茄子UITests.xctest */,
			);
			name = Products;
			sourceTree = "<group>";
		};
		2377DCEC1C8EC550006A1050 /* 茄子 */ = {
			isa = PBXGroup;
			children = (
				2377DCED1C8EC550006A1050 /* AppDelegate.swift */,
				2377DCEF1C8EC550006A1050 /* ViewController.swift */,
				2377DCF11C8EC550006A1050 /* Main.storyboard */,
				2377DCF41C8EC550006A1050 /* Assets.xcassets */,
				2377DCF61C8EC550006A1050 /* LaunchScreen.storyboard */,
				2377DCF91C8EC550006A1050 /* Info.plist */,
			);
			path = "茄子";
			sourceTree = "<group>";
		};
		2377DD011C8EC550006A1050 /* 茄子Tests */ = {
			isa = PBXGroup;
			children = (
				2377DD021C8EC550006A1050 /* __Tests.swift */,
				2377DD041C8EC550006A1050 /* Info.plist */,
			);
			path = "茄子Tests";
			sourceTree = "<group>";
		};
		2377DD0C1C8EC550006A1050 /* 茄子UITests */ = {
			isa = PBXGroup;
			children = (
				2377DD0D1C8EC550006A1050 /* __UITests.swift */,
				2377DD0F1C8EC550006A1050 /* Info.plist */,
			);
			path = "茄子UITests";
			sourceTree = "<group>";
		};
/* End PBXGroup section */

/* Begin PBXNativeTarget section */
		2377DCE91C8EC550006A1050 /* 茄子 */ = {
			isa = PBXNativeTarget;
			buildConfigurationList = 2377DD121C8EC550006A1050 /* Build configuration list for PBXNativeTarget "茄子" */;
			buildPhases = (
				2377DCE61C8EC550006A1050 /* Sources */,
				2377DCE71C8EC550006A1050 /* Frameworks */,
				2377DCE81C8EC550006A1050 /* Resources */,
			);
			buildRules = (
			);
			dependencies = (
			);
			name = "茄子";
			productName = "茄子";
			productReference = 2377DCEA1C8EC550006A1050 /* 茄子.app */;
			productType = "com.apple.product-type.application";
		};
		2377DCFD1C8EC550006A1050 /* 茄子Tests */ = {
			isa = PBXNativeTarget;
			buildConfigurationList = 2377DD151C8EC550006A1050 /* Build configuration list for PBXNativeTarget "茄子Tests" */;
			buildPhases = (
				2377DCFA1C8EC550006A1050 /* Sources */,
				2377DCFB1C8EC550006A1050 /* Frameworks */,
				2377DCFC1C8EC550006A1050 /* Resources */,
			);
			buildRules = (
			);
			dependencies = (
				2377DD001C8EC550006A1050 /* PBXTargetDependency */,
			);
			name = "茄子Tests";
			productName = "茄子Tests";
			productReference = 2377DCFE1C8EC550006A1050 /* 茄子Tests.xctest */;
			productType = "com.apple.product-type.bundle.unit-test";
		};
		2377DD081C8EC550006A1050 /* 茄子UITests */ = {
			isa = PBXNativeTarget;
			buildConfigurationList = 2377DD181C8EC550006A1050 /* Build configuration list for PBXNativeTarget "茄子UITests" */;
			buildPhases = (
				2377DD051C8EC550006A1050 /* Sources */,
				2377DD061C8EC550006A1050 /* Frameworks */,
				2377DD071C8EC550006A1050 /* Resources */,
			);
			buildRules = (
			);
			dependencies = (
				2377DD0B1C8EC550006A1050 /* PBXTargetDependency */,
			);
			name = "茄子UITests";
			productName = "茄子UITests";
			productReference = 2377DD091C8EC550006A1050 /* 茄子UITests.xctest */;
			productType = "com.apple.product-type.bundle.ui-testing";
		};
/* End PBXNativeTarget section */

/* Begin PBXProject section */
		2377DCE21C8EC550006A1050 /* Project object */ = {
			isa = PBXProject;
			attributes = {
				LastSwiftUpdateCheck = 0720;
				LastUpgradeCheck = 0720;
				ORGANIZATIONNAME = "茄子";
				TargetAttributes = {
					2377DCE91C8EC550006A1050 = {
						CreatedOnToolsVersion = 7.2.1;
					};
					2377DCFD1C8EC550006A1050 = {
						CreatedOnToolsVersion = 7.2.1;
						TestTargetID = 2377DCE91C8EC550006A1050;
					};
					2377DD081C8EC550006A1050 = {
						CreatedOnToolsVersion = 7.2.1;
						TestTargetID = 2377DCE91C8EC550006A1050;
					};
				};
			};
			buildConfigurationList = 2377DCE51C8EC550006A1050 /* Build configuration list for PBXProject "茄子" */;
			compatibilityVersion = "Xcode 3.2";
			developmentRegion = English;
			hasScannedForEncodings = 0;
			knownRegions = (
				en,
				Base,
			);
			mainGroup = 2377DCE11C8EC54F006A1050;
			productRefGroup = 2377DCEB1C8EC550006A1050 /* Products */;
			projectDirPath = "";
			projectRoot = "";
			targets = (
				2377DCE91C8EC550006A1050 /* 茄子 */,
				2377DCFD1C8EC550006A1050 /* 茄子Tests */,
				2377DD081C8EC550006A1050 /* 茄子UITests */,
			);
		};
/* End PBXProject section */

/* Begin PBXResourcesBuildPhase section */
		2377DCE81C8EC550006A1050 /* Resources */ = {
			isa = PBXResourcesBuildPhase;
			buildActionMask = 2147483647;
			files = (
				2377DCF81C8EC550006A1050 /* LaunchScreen.storyboard in Resources */,
				2377DCF51C8EC550006A1050 /* Assets.xcassets in Resources */,
				2377DCF31C8EC550006A1050 /* Main.storyboard in Resources */,
			);
			runOnlyForDeploymentPostprocessing = 0;
		};
		2377DCFC1C8EC550006A1050 /* Resources */ = {
			isa = PBXResourcesBuildPhase;
			buildActionMask = 2147483647;
			files = (
			);
			runOnlyForDeploymentPostprocessing = 0;
		};
		2377DD071C8EC550006A1050 /* Resources */ = {
			isa = PBXResourcesBuildPhase;
			buildActionMask = 2147483647;
			files = (
			);
			runOnlyForDeploymentPostprocessing = 0;
		};
/* End PBXResourcesBuildPhase section */

/* Begin PBXSourcesBuildPhase section */
		2377DCE61C8EC550006A1050 /* Sources */ = {
			isa = PBXSourcesBuildPhase;
			buildActionMask = 2147483647;
			files = (
				2377DCF01C8EC550006A1050 /* ViewController.swift in Sources */,
				2377DCEE1C8EC550006A1050 /* AppDelegate.swift in Sources */,
			);
			runOnlyForDeploymentPostprocessing = 0;
		};
		2377DCFA1C8EC550006A1050 /* Sources */ = {
			isa = PBXSourcesBuildPhase;
			buildActionMask = 2147483647;
			files = (
				2377DD031C8EC550006A1050 /* __Tests.swift in Sources */,
			);
			runOnlyForDeploymentPostprocessing = 0;
		};
		2377DD051C8EC550006A1050 /* Sources */ = {
			isa = PBXSourcesBuildPhase;
			buildActionMask = 2147483647;
			files = (
				2377DD0E1C8EC550006A1050 /* __UITests.swift in Sources */,
			);
			runOnlyForDeploymentPostprocessing = 0;
		};
/* End PBXSourcesBuildPhase section */

/* Begin PBXTargetDependency section */
		2377DD001C8EC550006A1050 /* PBXTargetDependency */ = {
			isa = PBXTargetDependency;
			target = 2377DCE91C8EC550006A1050 /* 茄子 */;
			targetProxy = 2377DCFF1C8EC550006A1050 /* PBXContainerItemProxy */;
		};
		2377DD0B1C8EC550006A1050 /* PBXTargetDependency */ = {
			isa = PBXTargetDependency;
			target = 2377DCE91C8EC550006A1050 /* 茄子 */;
			targetProxy = 2377DD0A1C8EC550006A1050 /* PBXContainerItemProxy */;
		};
/* End PBXTargetDependency section */

/* Begin PBXVariantGroup section */
		2377DCF11C8EC550006A1050 /* Main.storyboard */ = {
			isa = PBXVariantGroup;
			children = (
				2377DCF21C8EC550006A1050 /* Base */,
			);
			name = Main.storyboard;
			sourceTree = "<group>";
		};
		2377DCF61C8EC550006A1050 /* LaunchScreen.storyboard */ = {
			isa = PBXVariantGroup;
			children = (
				2377DCF71C8EC550006A1050 /* Base */,
			);
			name = LaunchScreen.storyboard;
			sourceTree = "<group>";
		};
/* End PBXVariantGroup section */

/* Begin XCBuildConfiguration section */
		2377DD101C8EC550006A1050 /* Debug */ = {
			isa = XCBuildConfiguration;
			buildSettings = {
				ALWAYS_SEARCH_USER_PATHS = NO;
				CLANG_CXX_LANGUAGE_STANDARD = "gnu++0x";
				CLANG_CXX_LIBRARY = "libc++";
				CLANG_ENABLE_MODULES = YES;
				CLANG_ENABLE_OBJC_ARC = YES;
				CLANG_WARN_BOOL_CONVERSION = YES;
				CLANG_WARN_CONSTANT_CONVERSION = YES;
				CLANG_WARN_DIRECT_OBJC_ISA_USAGE = YES_ERROR;
				CLANG_WARN_EMPTY_BODY = YES;
				CLANG_WARN_ENUM_CONVERSION = YES;
				CLANG_WARN_INT_CONVERSION = YES;
				CLANG_WARN_OBJC_ROOT_CLASS = YES_ERROR;
				CLANG_WARN_UNREACHABLE_CODE = YES;
				CLANG_WARN__DUPLICATE_METHOD_MATCH = YES;
				"CODE_SIGN_IDENTITY[sdk=iphoneos*]" = "iPhone Developer";
				COPY_PHASE_STRIP = NO;
				DEBUG_INFORMATION_FORMAT = dwarf;
				ENABLE_STRICT_OBJC_MSGSEND = YES;
				ENABLE_TESTABILITY = YES;
				GCC_C_LANGUAGE_STANDARD = gnu99;
				GCC_DYNAMIC_NO_PIC = NO;
				GCC_NO_COMMON_BLOCKS = YES;
				GCC_OPTIMIZATION_LEVEL = 0;
				GCC_PREPROCESSOR_DEFINITIONS = (
					"DEBUG=1",
					"$(inherited)",
				);
				GCC_WARN_64_TO_32_BIT_CONVERSION = YES;
				GCC_WARN_ABOUT_RETURN_TYPE = YES_ERROR;
				GCC_WARN_UNDECLARED_SELECTOR = YES;
				GCC_WARN_UNINITIALIZED_AUTOS = YES_AGGRESSIVE;
				GCC_WARN_UNUSED_FUNCTION = YES;
				GCC_WARN_UNUSED_VARIABLE = YES;
				IPHONEOS_DEPLOYMENT_TARGET = 9.2;
				MTL_ENABLE_DEBUG_INFO = YES;
				ONLY_ACTIVE_ARCH = YES;
				SDKROOT = iphoneos;
				SWIFT_OPTIMIZATION_LEVEL = "-Onone";
				TARGETED_DEVICE_FAMILY = "1,2";
			};
			name = Debug;
		};
		2377DD111C8EC550006A1050 /* Release */ = {
			isa = XCBuildConfiguration;
			buildSettings = {
				ALWAYS_SEARCH_USER_PATHS = NO;
				CLANG_CXX_LANGUAGE_STANDARD = "gnu++0x";
				CLANG_CXX_LIBRARY = "libc++";
				CLANG_ENABLE_MODULES = YES;
				CLANG_ENABLE_OBJC_ARC = YES;
				CLANG_WARN_BOOL_CONVERSION = YES;
				CLANG_WARN_CONSTANT_CONVERSION = YES;
				CLANG_WARN_DIRECT_OBJC_ISA_USAGE = YES_ERROR;
				CLANG_WARN_EMPTY_BODY = YES;
				CLANG_WARN_ENUM_CONVERSION = YES;
				CLANG_WARN_INT_CONVERSION = YES;
				CLANG_WARN_OBJC_ROOT_CLASS = YES_ERROR;
				CLANG_WARN_UNREACHABLE_CODE = YES;
				CLANG_WARN__DUPLICATE_METHOD_MATCH = YES;
				"CODE_SIGN_IDENTITY[sdk=iphoneos*]" = "iPhone Developer";
				COPY_PHASE_STRIP = NO;
				DEBUG_INFORMATION_FORMAT = "dwarf-with-dsym";
				ENABLE_NS_ASSERTIONS = NO;
				ENABLE_STRICT_OBJC_MSGSEND = YES;
				GCC_C_LANGUAGE_STANDARD = gnu99;
				GCC_NO_COMMON_BLOCKS = YES;
				GCC_WARN_64_TO_32_BIT_CONVERSION = YES;
				GCC_WARN_ABOUT_RETURN_TYPE = YES_ERROR;
				GCC_WARN_UNDECLARED_SELECTOR = YES;
				GCC_WARN_UNINITIALIZED_AUTOS = YES_AGGRESSIVE;
				GCC_WARN_UNUSED_FUNCTION = YES;
				GCC_WARN_UNUSED_VARIABLE = YES;
				IPHONEOS_DEPLOYMENT_TARGET = 9.2;
				MTL_ENABLE_DEBUG_INFO = NO;
				SDKROOT = iphoneos;
				TARGETED_DEVICE_FAMILY = "1,2";
				VALIDATE_PRODUCT = YES;
			};
			name = Release;
		};
		2377DD131C8EC550006A1050 /* Debug */ = {
			isa = XCBuildConfiguration;
			buildSettings = {
				ASSETCATALOG_COMPILER_APPICON_NAME = AppIcon;
				INFOPLIST_FILE = "茄子/Info.plist";
				LD_RUNPATH_SEARCH_PATHS = "$(inherited) @executable_path/Frameworks";
				PRODUCT_BUNDLE_IDENTIFIER = "eggplant.--";
				PRODUCT_NAME = "$(TARGET_NAME)";
			};
			name = Debug;
		};
		2377DD141C8EC550006A1050 /* Release */ = {
			isa = XCBuildConfiguration;
			buildSettings = {
				ASSETCATALOG_COMPILER_APPICON_NAME = AppIcon;
				INFOPLIST_FILE = "茄子/Info.plist";
				LD_RUNPATH_SEARCH_PATHS = "$(inherited) @executable_path/Frameworks";
				PRODUCT_BUNDLE_IDENTIFIER = "eggplant.--";
				PRODUCT_NAME = "$(TARGET_NAME)";
			};
			name = Release;
		};
		2377DD161C8EC550006A1050 /* Debug */ = {
			isa = XCBuildConfiguration;
			buildSettings = {
				BUNDLE_LOADER = "$(TEST_HOST)";
				INFOPLIST_FILE = "茄子Tests/Info.plist";
				LD_RUNPATH_SEARCH_PATHS = "$(inherited) @executable_path/Frameworks @loader_path/Frameworks";
				PRODUCT_BUNDLE_IDENTIFIER = "eggplant.--Tests";
				PRODUCT_NAME = "$(TARGET_NAME)";
				TEST_HOST = "$(BUILT_PRODUCTS_DIR)/茄子.app/茄子";
			};
			name = Debug;
		};
		2377DD171C8EC550006A1050 /* Release */ = {
			isa = XCBuildConfiguration;
			buildSettings = {
				BUNDLE_LOADER = "$(TEST_HOST)";
				INFOPLIST_FILE = "茄子Tests/Info.plist";
				LD_RUNPATH_SEARCH_PATHS = "$(inherited) @executable_path/Frameworks @loader_path/Frameworks";
				PRODUCT_BUNDLE_IDENTIFIER = "eggplant.--Tests";
				PRODUCT_NAME = "$(TARGET_NAME)";
				TEST_HOST = "$(BUILT_PRODUCTS_DIR)/茄子.app/茄子";
			};
			name = Release;
		};
		2377DD191C8EC550006A1050 /* Debug */ = {
			isa = XCBuildConfiguration;
			buildSettings = {
				INFOPLIST_FILE = "茄子UITests/Info.plist";
				LD_RUNPATH_SEARCH_PATHS = "$(inherited) @executable_path/Frameworks @loader_path/Frameworks";
				PRODUCT_BUNDLE_IDENTIFIER = "eggplant.--UITests";
				PRODUCT_NAME = "$(TARGET_NAME)";
				TEST_TARGET_NAME = "茄子";
				USES_XCTRUNNER = YES;
			};
			name = Debug;
		};
		2377DD1A1C8EC550006A1050 /* Release */ = {
			isa = XCBuildConfiguration;
			buildSettings = {
				INFOPLIST_FILE = "茄子UITests/Info.plist";
				LD_RUNPATH_SEARCH_PATHS = "$(inherited) @executable_path/Frameworks @loader_path/Frameworks";
				PRODUCT_BUNDLE_IDENTIFIER = "eggplant.--UITests";
				PRODUCT_NAME = "$(TARGET_NAME)";
				TEST_TARGET_NAME = "茄子";
				USES_XCTRUNNER = YES;
			};
			name = Release;
		};
/* End XCBuildConfiguration section */

/* Begin XCConfigurationList section */
		2377DCE51C8EC550006A1050 /* Build configuration list for PBXProject "茄子" */ = {
			isa = XCConfigurationList;
			buildConfigurations = (
				2377DD101C8EC550006A1050 /* Debug */,
				2377DD111C8EC550006A1050 /* Release */,
			);
			defaultConfigurationIsVisible = 0;
			defaultConfigurationName = Release;
		};
		2377DD121C8EC550006A1050 /* Build configuration list for PBXNativeTarget "茄子" */ = {
			isa = XCConfigurationList;
			buildConfigurations = (
				2377DD131C8EC550006A1050 /* Debug */,
				2377DD141C8EC550006A1050 /* Release */,
			);
			defaultConfigurationIsVisible = 0;
		};
		2377DD151C8EC550006A1050 /* Build configuration list for PBXNativeTarget "茄子Tests" */ = {
			isa = XCConfigurationList;
			buildConfigurations = (
				2377DD161C8EC550006A1050 /* Debug */,
				2377DD171C8EC550006A1050 /* Release */,
			);
			defaultConfigurationIsVisible = 0;
		};
		2377DD181C8EC550006A1050 /* Build configuration list for PBXNativeTarget "茄子UITests" */ = {
			isa = XCConfigurationList;
			buildConfigurations = (
				2377DD191C8EC550006A1050 /* Debug */,
				2377DD1A1C8EC550006A1050 /* Release */,
			);
			defaultConfigurationIsVisible = 0;
		};
/* End XCConfigurationList section */
	};
	rootObject = 2377DCE21C8EC550006A1050 /* Project object */;
}
